// !$*UTF8*$!
{
	archiveVersion = 1;
	classes = {
	};
	objectVersion = 56;
	objects = {

/* Begin PBXBuildFile section */
		191B2E302C63F8FA00A0A5F3 /* LoginViewApp.swift in Sources */ = {isa = PBXBuildFile; fileRef = 191B2E2F2C63F8FA00A0A5F3 /* LoginViewApp.swift */; };
		191B2E322C63F8FA00A0A5F3 /* ContentView.swift in Sources */ = {isa = PBXBuildFile; fileRef = 191B2E312C63F8FA00A0A5F3 /* ContentView.swift */; };
		191B2E342C63F90000A0A5F3 /* Assets.xcassets in Resources */ = {isa = PBXBuildFile; fileRef = 191B2E332C63F90000A0A5F3 /* Assets.xcassets */; };
		191B2E372C63F90000A0A5F3 /* Preview Assets.xcassets in Resources */ = {isa = PBXBuildFile; fileRef = 191B2E362C63F90000A0A5F3 /* Preview Assets.xcassets */; };
		191B2E412C63F90100A0A5F3 /* LoginViewTests.swift in Sources */ = {isa = PBXBuildFile; fileRef = 191B2E402C63F90100A0A5F3 /* LoginViewTests.swift */; };
		191B2E4B2C63F90100A0A5F3 /* LoginViewUITests.swift in Sources */ = {isa = PBXBuildFile; fileRef = 191B2E4A2C63F90100A0A5F3 /* LoginViewUITests.swift */; };
		191B2E4D2C63F90100A0A5F3 /* LoginViewUITestsLaunchTests.swift in Sources */ = {isa = PBXBuildFile; fileRef = 191B2E4C2C63F90100A0A5F3 /* LoginViewUITestsLaunchTests.swift */; };
		191B2E652C63FC1200A0A5F3 /* SignUp.swift in Sources */ = {isa = PBXBuildFile; fileRef = 191B2E642C63FC1200A0A5F3 /* SignUp.swift */; };
		191B2E672C63FC9400A0A5F3 /* HomeView.swift in Sources */ = {isa = PBXBuildFile; fileRef = 191B2E662C63FC9400A0A5F3 /* HomeView.swift */; };
		191B2E692C63FD8300A0A5F3 /* SignIn.swift in Sources */ = {isa = PBXBuildFile; fileRef = 191B2E682C63FD8300A0A5F3 /* SignIn.swift */; };
		191B2E6B2C6405BA00A0A5F3 /* PasswordTF.swift in Sources */ = {isa = PBXBuildFile; fileRef = 191B2E6A2C6405BA00A0A5F3 /* PasswordTF.swift */; };
		191B2E6D2C641F8C00A0A5F3 /* PasswordCheck.swift in Sources */ = {isa = PBXBuildFile; fileRef = 191B2E6C2C641F8C00A0A5F3 /* PasswordCheck.swift */; };
		191B2E6F2C6456FB00A0A5F3 /* ForgotView.swift in Sources */ = {isa = PBXBuildFile; fileRef = 191B2E6E2C6456FB00A0A5F3 /* ForgotView.swift */; };
/* End PBXBuildFile section */

/* Begin PBXContainerItemProxy section */
		191B2E3D2C63F90100A0A5F3 /* PBXContainerItemProxy */ = {
			isa = PBXContainerItemProxy;
			containerPortal = 191B2E242C63F8FA00A0A5F3 /* Project object */;
			proxyType = 1;
			remoteGlobalIDString = 191B2E2B2C63F8FA00A0A5F3;
			remoteInfo = LoginView;
		};
		191B2E472C63F90100A0A5F3 /* PBXContainerItemProxy */ = {
			isa = PBXContainerItemProxy;
			containerPortal = 191B2E242C63F8FA00A0A5F3 /* Project object */;
			proxyType = 1;
			remoteGlobalIDString = 191B2E2B2C63F8FA00A0A5F3;
			remoteInfo = LoginView;
		};
/* End PBXContainerItemProxy section */

/* Begin PBXFileReference section */
		191B2E2C2C63F8FA00A0A5F3 /* LoginView.app */ = {isa = PBXFileReference; explicitFileType = wrapper.application; includeInIndex = 0; path = LoginView.app; sourceTree = BUILT_PRODUCTS_DIR; };
		191B2E2F2C63F8FA00A0A5F3 /* LoginViewApp.swift */ = {isa = PBXFileReference; lastKnownFileType = sourcecode.swift; path = LoginViewApp.swift; sourceTree = "<group>"; };
		191B2E312C63F8FA00A0A5F3 /* ContentView.swift */ = {isa = PBXFileReference; lastKnownFileType = sourcecode.swift; path = ContentView.swift; sourceTree = "<group>"; };
		191B2E332C63F90000A0A5F3 /* Assets.xcassets */ = {isa = PBXFileReference; lastKnownFileType = folder.assetcatalog; path = Assets.xcassets; sourceTree = "<group>"; };
		191B2E362C63F90000A0A5F3 /* Preview Assets.xcassets */ = {isa = PBXFileReference; lastKnownFileType = folder.assetcatalog; path = "Preview Assets.xcassets"; sourceTree = "<group>"; };
		191B2E3C2C63F90100A0A5F3 /* LoginViewTests.xctest */ = {isa = PBXFileReference; explicitFileType = wrapper.cfbundle; includeInIndex = 0; path = LoginViewTests.xctest; sourceTree = BUILT_PRODUCTS_DIR; };
		191B2E402C63F90100A0A5F3 /* LoginViewTests.swift */ = {isa = PBXFileReference; lastKnownFileType = sourcecode.swift; path = LoginViewTests.swift; sourceTree = "<group>"; };
		191B2E462C63F90100A0A5F3 /* LoginViewUITests.xctest */ = {isa = PBXFileReference; explicitFileType = wrapper.cfbundle; includeInIndex = 0; path = LoginViewUITests.xctest; sourceTree = BUILT_PRODUCTS_DIR; };
		191B2E4A2C63F90100A0A5F3 /* LoginViewUITests.swift */ = {isa = PBXFileReference; lastKnownFileType = sourcecode.swift; path = LoginViewUITests.swift; sourceTree = "<group>"; };
		191B2E4C2C63F90100A0A5F3 /* LoginViewUITestsLaunchTests.swift */ = {isa = PBXFileReference; lastKnownFileType = sourcecode.swift; path = LoginViewUITestsLaunchTests.swift; sourceTree = "<group>"; };
		191B2E642C63FC1200A0A5F3 /* SignUp.swift */ = {isa = PBXFileReference; lastKnownFileType = sourcecode.swift; path = SignUp.swift; sourceTree = "<group>"; };
		191B2E662C63FC9400A0A5F3 /* HomeView.swift */ = {isa = PBXFileReference; lastKnownFileType = sourcecode.swift; path = HomeView.swift; sourceTree = "<group>"; };
		191B2E682C63FD8300A0A5F3 /* SignIn.swift */ = {isa = PBXFileReference; lastKnownFileType = sourcecode.swift; path = SignIn.swift; sourceTree = "<group>"; };
		191B2E6A2C6405BA00A0A5F3 /* PasswordTF.swift */ = {isa = PBXFileReference; lastKnownFileType = sourcecode.swift; path = PasswordTF.swift; sourceTree = "<group>"; };
		191B2E6C2C641F8C00A0A5F3 /* PasswordCheck.swift */ = {isa = PBXFileReference; lastKnownFileType = sourcecode.swift; path = PasswordCheck.swift; sourceTree = "<group>"; };
		191B2E6E2C6456FB00A0A5F3 /* ForgotView.swift */ = {isa = PBXFileReference; lastKnownFileType = sourcecode.swift; path = ForgotView.swift; sourceTree = "<group>"; };
/* End PBXFileReference section */

/* Begin PBXFrameworksBuildPhase section */
		191B2E292C63F8FA00A0A5F3 /* Frameworks */ = {
			isa = PBXFrameworksBuildPhase;
			buildActionMask = 2147483647;
			files = (
			);
			runOnlyForDeploymentPostprocessing = 0;
		};
		191B2E392C63F90100A0A5F3 /* Frameworks */ = {
			isa = PBXFrameworksBuildPhase;
			buildActionMask = 2147483647;
			files = (
			);
			runOnlyForDeploymentPostprocessing = 0;
		};
		191B2E432C63F90100A0A5F3 /* Frameworks */ = {
			isa = PBXFrameworksBuildPhase;
			buildActionMask = 2147483647;
			files = (
			);
			runOnlyForDeploymentPostprocessing = 0;
		};
/* End PBXFrameworksBuildPhase section */

/* Begin PBXGroup section */
		191B2E232C63F8FA00A0A5F3 = {
			isa = PBXGroup;
			children = (
				191B2E592C63FB3900A0A5F3 /* Views */,
				191B2E2E2C63F8FA00A0A5F3 /* LoginView */,
				191B2E3F2C63F90100A0A5F3 /* LoginViewTests */,
				191B2E492C63F90100A0A5F3 /* LoginViewUITests */,
				191B2E2D2C63F8FA00A0A5F3 /* Products */,
			);
			sourceTree = "<group>";
		};
		191B2E2D2C63F8FA00A0A5F3 /* Products */ = {
			isa = PBXGroup;
			children = (
				191B2E2C2C63F8FA00A0A5F3 /* LoginView.app */,
				191B2E3C2C63F90100A0A5F3 /* LoginViewTests.xctest */,
				191B2E462C63F90100A0A5F3 /* LoginViewUITests.xctest */,
			);
			name = Products;
			sourceTree = "<group>";
		};
		191B2E2E2C63F8FA00A0A5F3 /* LoginView */ = {
			isa = PBXGroup;
			children = (
				191B2E2F2C63F8FA00A0A5F3 /* LoginViewApp.swift */,
				191B2E312C63F8FA00A0A5F3 /* ContentView.swift */,
				191B2E332C63F90000A0A5F3 /* Assets.xcassets */,
				191B2E352C63F90000A0A5F3 /* Preview Content */,
			);
			path = LoginView;
			sourceTree = "<group>";
		};
		191B2E352C63F90000A0A5F3 /* Preview Content */ = {
			isa = PBXGroup;
			children = (
				191B2E362C63F90000A0A5F3 /* Preview Assets.xcassets */,
			);
			path = "Preview Content";
			sourceTree = "<group>";
		};
		191B2E3F2C63F90100A0A5F3 /* LoginViewTests */ = {
			isa = PBXGroup;
			children = (
				191B2E402C63F90100A0A5F3 /* LoginViewTests.swift */,
			);
			path = LoginViewTests;
			sourceTree = "<group>";
		};
		191B2E492C63F90100A0A5F3 /* LoginViewUITests */ = {
			isa = PBXGroup;
			children = (
				191B2E4A2C63F90100A0A5F3 /* LoginViewUITests.swift */,
				191B2E4C2C63F90100A0A5F3 /* LoginViewUITestsLaunchTests.swift */,
			);
			path = LoginViewUITests;
			sourceTree = "<group>";
		};
		191B2E592C63FB3900A0A5F3 /* Views */ = {
			isa = PBXGroup;
			children = (
				191B2E642C63FC1200A0A5F3 /* SignUp.swift */,
				191B2E662C63FC9400A0A5F3 /* HomeView.swift */,
				191B2E682C63FD8300A0A5F3 /* SignIn.swift */,
				191B2E6A2C6405BA00A0A5F3 /* PasswordTF.swift */,
				191B2E6C2C641F8C00A0A5F3 /* PasswordCheck.swift */,
				191B2E6E2C6456FB00A0A5F3 /* ForgotView.swift */,
			);
			path = Views;
			sourceTree = "<group>";
		};
/* End PBXGroup section */

/* Begin PBXNativeTarget section */
		191B2E2B2C63F8FA00A0A5F3 /* LoginView */ = {
			isa = PBXNativeTarget;
			buildConfigurationList = 191B2E502C63F90100A0A5F3 /* Build configuration list for PBXNativeTarget "LoginView" */;
			buildPhases = (
				191B2E282C63F8FA00A0A5F3 /* Sources */,
				191B2E292C63F8FA00A0A5F3 /* Frameworks */,
				191B2E2A2C63F8FA00A0A5F3 /* Resources */,
			);
			buildRules = (
			);
			dependencies = (
			);
			name = LoginView;
			productName = LoginView;
			productReference = 191B2E2C2C63F8FA00A0A5F3 /* LoginView.app */;
			productType = "com.apple.product-type.application";
		};
		191B2E3B2C63F90100A0A5F3 /* LoginViewTests */ = {
			isa = PBXNativeTarget;
			buildConfigurationList = 191B2E532C63F90100A0A5F3 /* Build configuration list for PBXNativeTarget "LoginViewTests" */;
			buildPhases = (
				191B2E382C63F90100A0A5F3 /* Sources */,
				191B2E392C63F90100A0A5F3 /* Frameworks */,
				191B2E3A2C63F90100A0A5F3 /* Resources */,
			);
			buildRules = (
			);
			dependencies = (
				191B2E3E2C63F90100A0A5F3 /* PBXTargetDependency */,
			);
			name = LoginViewTests;
			productName = LoginViewTests;
			productReference = 191B2E3C2C63F90100A0A5F3 /* LoginViewTests.xctest */;
			productType = "com.apple.product-type.bundle.unit-test";
		};
		191B2E452C63F90100A0A5F3 /* LoginViewUITests */ = {
			isa = PBXNativeTarget;
			buildConfigurationList = 191B2E562C63F90100A0A5F3 /* Build configuration list for PBXNativeTarget "LoginViewUITests" */;
			buildPhases = (
				191B2E422C63F90100A0A5F3 /* Sources */,
				191B2E432C63F90100A0A5F3 /* Frameworks */,
				191B2E442C63F90100A0A5F3 /* Resources */,
			);
			buildRules = (
			);
			dependencies = (
				191B2E482C63F90100A0A5F3 /* PBXTargetDependency */,
			);
			name = LoginViewUITests;
			productName = LoginViewUITests;
			productReference = 191B2E462C63F90100A0A5F3 /* LoginViewUITests.xctest */;
			productType = "com.apple.product-type.bundle.ui-testing";
		};
/* End PBXNativeTarget section */

/* Begin PBXProject section */
		191B2E242C63F8FA00A0A5F3 /* Project object */ = {
			isa = PBXProject;
			attributes = {
				BuildIndependentTargetsInParallel = 1;
				LastSwiftUpdateCheck = 1540;
				LastUpgradeCheck = 1540;
				TargetAttributes = {
					191B2E2B2C63F8FA00A0A5F3 = {
						CreatedOnToolsVersion = 15.4;
					};
					191B2E3B2C63F90100A0A5F3 = {
						CreatedOnToolsVersion = 15.4;
						TestTargetID = 191B2E2B2C63F8FA00A0A5F3;
					};
					191B2E452C63F90100A0A5F3 = {
						CreatedOnToolsVersion = 15.4;
						TestTargetID = 191B2E2B2C63F8FA00A0A5F3;
					};
				};
			};
			buildConfigurationList = 191B2E272C63F8FA00A0A5F3 /* Build configuration list for PBXProject "LoginView" */;
			compatibilityVersion = "Xcode 14.0";
			developmentRegion = en;
			hasScannedForEncodings = 0;
			knownRegions = (
				en,
				Base,
			);
			mainGroup = 191B2E232C63F8FA00A0A5F3;
			productRefGroup = 191B2E2D2C63F8FA00A0A5F3 /* Products */;
			projectDirPath = "";
			projectRoot = "";
			targets = (
				191B2E2B2C63F8FA00A0A5F3 /* LoginView */,
				191B2E3B2C63F90100A0A5F3 /* LoginViewTests */,
				191B2E452C63F90100A0A5F3 /* LoginViewUITests */,
			);
		};
/* End PBXProject section */

/* Begin PBXResourcesBuildPhase section */
		191B2E2A2C63F8FA00A0A5F3 /* Resources */ = {
			isa = PBXResourcesBuildPhase;
			buildActionMask = 2147483647;
			files = (
				191B2E372C63F90000A0A5F3 /* Preview Assets.xcassets in Resources */,
				191B2E342C63F90000A0A5F3 /* Assets.xcassets in Resources */,
			);
			runOnlyForDeploymentPostprocessing = 0;
		};
		191B2E3A2C63F90100A0A5F3 /* Resources */ = {
			isa = PBXResourcesBuildPhase;
			buildActionMask = 2147483647;
			files = (
			);
			runOnlyForDeploymentPostprocessing = 0;
		};
		191B2E442C63F90100A0A5F3 /* Resources */ = {
			isa = PBXResourcesBuildPhase;
			buildActionMask = 2147483647;
			files = (
			);
			runOnlyForDeploymentPostprocessing = 0;
		};
/* End PBXResourcesBuildPhase section */

/* Begin PBXSourcesBuildPhase section */
		191B2E282C63F8FA00A0A5F3 /* Sources */ = {
			isa = PBXSourcesBuildPhase;
			buildActionMask = 2147483647;
			files = (
				191B2E6D2C641F8C00A0A5F3 /* PasswordCheck.swift in Sources */,
				191B2E6B2C6405BA00A0A5F3 /* PasswordTF.swift in Sources */,
				191B2E322C63F8FA00A0A5F3 /* ContentView.swift in Sources */,
				191B2E672C63FC9400A0A5F3 /* HomeView.swift in Sources */,
				191B2E692C63FD8300A0A5F3 /* SignIn.swift in Sources */,
				191B2E652C63FC1200A0A5F3 /* SignUp.swift in Sources */,
				191B2E302C63F8FA00A0A5F3 /* LoginViewApp.swift in Sources */,
				191B2E6F2C6456FB00A0A5F3 /* ForgotView.swift in Sources */,
			);
			runOnlyForDeploymentPostprocessing = 0;
		};
		191B2E382C63F90100A0A5F3 /* Sources */ = {
			isa = PBXSourcesBuildPhase;
			buildActionMask = 2147483647;
			files = (
				191B2E412C63F90100A0A5F3 /* LoginViewTests.swift in Sources */,
			);
			runOnlyForDeploymentPostprocessing = 0;
		};
		191B2E422C63F90100A0A5F3 /* Sources */ = {
			isa = PBXSourcesBuildPhase;
			buildActionMask = 2147483647;
			files = (
				191B2E4B2C63F90100A0A5F3 /* LoginViewUITests.swift in Sources */,
				191B2E4D2C63F90100A0A5F3 /* LoginViewUITestsLaunchTests.swift in Sources */,
			);
			runOnlyForDeploymentPostprocessing = 0;
		};
/* End PBXSourcesBuildPhase section */

/* Begin PBXTargetDependency section */
		191B2E3E2C63F90100A0A5F3 /* PBXTargetDependency */ = {
			isa = PBXTargetDependency;
			target = 191B2E2B2C63F8FA00A0A5F3 /* LoginView */;
			targetProxy = 191B2E3D2C63F90100A0A5F3 /* PBXContainerItemProxy */;
		};
		191B2E482C63F90100A0A5F3 /* PBXTargetDependency */ = {
			isa = PBXTargetDependency;
			target = 191B2E2B2C63F8FA00A0A5F3 /* LoginView */;
			targetProxy = 191B2E472C63F90100A0A5F3 /* PBXContainerItemProxy */;
		};
/* End PBXTargetDependency section */

/* Begin XCBuildConfiguration section */
		191B2E4E2C63F90100A0A5F3 /* Debug */ = {
			isa = XCBuildConfiguration;
			buildSettings = {
				ALWAYS_SEARCH_USER_PATHS = NO;
				ASSETCATALOG_COMPILER_GENERATE_SWIFT_ASSET_SYMBOL_EXTENSIONS = YES;
				CLANG_ANALYZER_NONNULL = YES;
				CLANG_ANALYZER_NUMBER_OBJECT_CONVERSION = YES_AGGRESSIVE;
				CLANG_CXX_LANGUAGE_STANDARD = "gnu++20";
				CLANG_ENABLE_MODULES = YES;
				CLANG_ENABLE_OBJC_ARC = YES;
				CLANG_ENABLE_OBJC_WEAK = YES;
				CLANG_WARN_BLOCK_CAPTURE_AUTORELEASING = YES;
				CLANG_WARN_BOOL_CONVERSION = YES;
				CLANG_WARN_COMMA = YES;
				CLANG_WARN_CONSTANT_CONVERSION = YES;
				CLANG_WARN_DEPRECATED_OBJC_IMPLEMENTATIONS = YES;
				CLANG_WARN_DIRECT_OBJC_ISA_USAGE = YES_ERROR;
				CLANG_WARN_DOCUMENTATION_COMMENTS = YES;
				CLANG_WARN_EMPTY_BODY = YES;
				CLANG_WARN_ENUM_CONVERSION = YES;
				CLANG_WARN_INFINITE_RECURSION = YES;
				CLANG_WARN_INT_CONVERSION = YES;
				CLANG_WARN_NON_LITERAL_NULL_CONVERSION = YES;
				CLANG_WARN_OBJC_IMPLICIT_RETAIN_SELF = YES;
				CLANG_WARN_OBJC_LITERAL_CONVERSION = YES;
				CLANG_WARN_OBJC_ROOT_CLASS = YES_ERROR;
				CLANG_WARN_QUOTED_INCLUDE_IN_FRAMEWORK_HEADER = YES;
				CLANG_WARN_RANGE_LOOP_ANALYSIS = YES;
				CLANG_WARN_STRICT_PROTOTYPES = YES;
				CLANG_WARN_SUSPICIOUS_MOVE = YES;
				CLANG_WARN_UNGUARDED_AVAILABILITY = YES_AGGRESSIVE;
				CLANG_WARN_UNREACHABLE_CODE = YES;
				CLANG_WARN__DUPLICATE_METHOD_MATCH = YES;
				COPY_PHASE_STRIP = NO;
				DEBUG_INFORMATION_FORMAT = dwarf;
				ENABLE_STRICT_OBJC_MSGSEND = YES;
				ENABLE_TESTABILITY = YES;
				ENABLE_USER_SCRIPT_SANDBOXING = YES;
				GCC_C_LANGUAGE_STANDARD = gnu17;
				GCC_DYNAMIC_NO_PIC = NO;
				GCC_NO_COMMON_BLOCKS = YES;
				GCC_OPTIMIZATION_LEVEL = 0;
				GCC_PREPROCESSOR_DEFINITIONS = (
					"DEBUG=1",
					"$(inherited)",
				);
				GCC_WARN_64_TO_32_BIT_CONVERSION = YES;
				GCC_WARN_ABOUT_RETURN_TYPE = YES_ERROR;
				GCC_WARN_UNDECLARED_SELECTOR = YES;
				GCC_WARN_UNINITIALIZED_AUTOS = YES_AGGRESSIVE;
				GCC_WARN_UNUSED_FUNCTION = YES;
				GCC_WARN_UNUSED_VARIABLE = YES;
				IPHONEOS_DEPLOYMENT_TARGET = 17.5;
				LOCALIZATION_PREFERS_STRING_CATALOGS = YES;
				MTL_ENABLE_DEBUG_INFO = INCLUDE_SOURCE;
				MTL_FAST_MATH = YES;
				ONLY_ACTIVE_ARCH = YES;
				SDKROOT = iphoneos;
				SWIFT_ACTIVE_COMPILATION_CONDITIONS = "DEBUG $(inherited)";
				SWIFT_OPTIMIZATION_LEVEL = "-Onone";
			};
			name = Debug;
		};
		191B2E4F2C63F90100A0A5F3 /* Release */ = {
			isa = XCBuildConfiguration;
			buildSettings = {
				ALWAYS_SEARCH_USER_PATHS = NO;
				ASSETCATALOG_COMPILER_GENERATE_SWIFT_ASSET_SYMBOL_EXTENSIONS = YES;
				CLANG_ANALYZER_NONNULL = YES;
				CLANG_ANALYZER_NUMBER_OBJECT_CONVERSION = YES_AGGRESSIVE;
				CLANG_CXX_LANGUAGE_STANDARD = "gnu++20";
				CLANG_ENABLE_MODULES = YES;
				CLANG_ENABLE_OBJC_ARC = YES;
				CLANG_ENABLE_OBJC_WEAK = YES;
				CLANG_WARN_BLOCK_CAPTURE_AUTORELEASING = YES;
				CLANG_WARN_BOOL_CONVERSION = YES;
				CLANG_WARN_COMMA = YES;
				CLANG_WARN_CONSTANT_CONVERSION = YES;
				CLANG_WARN_DEPRECATED_OBJC_IMPLEMENTATIONS = YES;
				CLANG_WARN_DIRECT_OBJC_ISA_USAGE = YES_ERROR;
				CLANG_WARN_DOCUMENTATION_COMMENTS = YES;
				CLANG_WARN_EMPTY_BODY = YES;
				CLANG_WARN_ENUM_CONVERSION = YES;
				CLANG_WARN_INFINITE_RECURSION = YES;
				CLANG_WARN_INT_CONVERSION = YES;
				CLANG_WARN_NON_LITERAL_NULL_CONVERSION = YES;
				CLANG_WARN_OBJC_IMPLICIT_RETAIN_SELF = YES;
				CLANG_WARN_OBJC_LITERAL_CONVERSION = YES;
				CLANG_WARN_OBJC_ROOT_CLASS = YES_ERROR;
				CLANG_WARN_QUOTED_INCLUDE_IN_FRAMEWORK_HEADER = YES;
				CLANG_WARN_RANGE_LOOP_ANALYSIS = YES;
				CLANG_WARN_STRICT_PROTOTYPES = YES;
				CLANG_WARN_SUSPICIOUS_MOVE = YES;
				CLANG_WARN_UNGUARDED_AVAILABILITY = YES_AGGRESSIVE;
				CLANG_WARN_UNREACHABLE_CODE = YES;
				CLANG_WARN__DUPLICATE_METHOD_MATCH = YES;
				COPY_PHASE_STRIP = NO;
				DEBUG_INFORMATION_FORMAT = "dwarf-with-dsym";
				ENABLE_NS_ASSERTIONS = NO;
				ENABLE_STRICT_OBJC_MSGSEND = YES;
				ENABLE_USER_SCRIPT_SANDBOXING = YES;
				GCC_C_LANGUAGE_STANDARD = gnu17;
				GCC_NO_COMMON_BLOCKS = YES;
				GCC_WARN_64_TO_32_BIT_CONVERSION = YES;
				GCC_WARN_ABOUT_RETURN_TYPE = YES_ERROR;
				GCC_WARN_UNDECLARED_SELECTOR = YES;
				GCC_WARN_UNINITIALIZED_AUTOS = YES_AGGRESSIVE;
				GCC_WARN_UNUSED_FUNCTION = YES;
				GCC_WARN_UNUSED_VARIABLE = YES;
				IPHONEOS_DEPLOYMENT_TARGET = 17.5;
				LOCALIZATION_PREFERS_STRING_CATALOGS = YES;
				MTL_ENABLE_DEBUG_INFO = NO;
				MTL_FAST_MATH = YES;
				SDKROOT = iphoneos;
				SWIFT_COMPILATION_MODE = wholemodule;
				VALIDATE_PRODUCT = YES;
			};
			name = Release;
		};
		191B2E512C63F90100A0A5F3 /* Debug */ = {
			isa = XCBuildConfiguration;
			buildSettings = {
				ASSETCATALOG_COMPILER_APPICON_NAME = AppIcon;
				ASSETCATALOG_COMPILER_GLOBAL_ACCENT_COLOR_NAME = AccentColor;
				CODE_SIGN_STYLE = Automatic;
				CURRENT_PROJECT_VERSION = 1;
				DEVELOPMENT_ASSET_PATHS = "\"LoginView/Preview Content\"";
				DEVELOPMENT_TEAM = WEE3S3NWZ2;
				ENABLE_PREVIEWS = YES;
				GENERATE_INFOPLIST_FILE = YES;
				INFOPLIST_KEY_UIApplicationSceneManifest_Generation = YES;
				INFOPLIST_KEY_UIApplicationSupportsIndirectInputEvents = YES;
				INFOPLIST_KEY_UILaunchScreen_Generation = YES;
				INFOPLIST_KEY_UISupportedInterfaceOrientations_iPad = "UIInterfaceOrientationPortrait UIInterfaceOrientationPortraitUpsideDown UIInterfaceOrientationLandscapeLeft UIInterfaceOrientationLandscapeRight";
				INFOPLIST_KEY_UISupportedInterfaceOrientations_iPhone = "UIInterfaceOrientationPortrait UIInterfaceOrientationLandscapeLeft UIInterfaceOrientationLandscapeRight";
				LD_RUNPATH_SEARCH_PATHS = (
					"$(inherited)",
					"@executable_path/Frameworks",
				);
				MARKETING_VERSION = 1.0;
				PRODUCT_BUNDLE_IDENTIFIER = luchonic.LoginView;
				PRODUCT_NAME = "$(TARGET_NAME)";
				SUPPORTED_PLATFORMS = "iphoneos iphonesimulator";
				SUPPORTS_MACCATALYST = NO;
				SUPPORTS_MAC_DESIGNED_FOR_IPHONE_IPAD = NO;
				SUPPORTS_XR_DESIGNED_FOR_IPHONE_IPAD = NO;
				SWIFT_EMIT_LOC_STRINGS = YES;
				SWIFT_VERSION = 5.0;
				TARGETED_DEVICE_FAMILY = "1,2";
			};
			name = Debug;
		};
		191B2E522C63F90100A0A5F3 /* Release */ = {
			isa = XCBuildConfiguration;
			buildSettings = {
				ASSETCATALOG_COMPILER_APPICON_NAME = AppIcon;
				ASSETCATALOG_COMPILER_GLOBAL_ACCENT_COLOR_NAME = AccentColor;
				CODE_SIGN_STYLE = Automatic;
				CURRENT_PROJECT_VERSION = 1;
				DEVELOPMENT_ASSET_PATHS = "\"LoginView/Preview Content\"";
				DEVELOPMENT_TEAM = WEE3S3NWZ2;
				ENABLE_PREVIEWS = YES;
				GENERATE_INFOPLIST_FILE = YES;
				INFOPLIST_KEY_UIApplicationSceneManifest_Generation = YES;
				INFOPLIST_KEY_UIApplicationSupportsIndirectInputEvents = YES;
				INFOPLIST_KEY_UILaunchScreen_Generation = YES;
				INFOPLIST_KEY_UISupportedInterfaceOrientations_iPad = "UIInterfaceOrientationPortrait UIInterfaceOrientationPortraitUpsideDown UIInterfaceOrientationLandscapeLeft UIInterfaceOrientationLandscapeRight";
				INFOPLIST_KEY_UISupportedInterfaceOrientations_iPhone = "UIInterfaceOrientationPortrait UIInterfaceOrientationLandscapeLeft UIInterfaceOrientationLandscapeRight";
				LD_RUNPATH_SEARCH_PATHS = (
					"$(inherited)",
					"@executable_path/Frameworks",
				);
				MARKETING_VERSION = 1.0;
				PRODUCT_BUNDLE_IDENTIFIER = luchonic.LoginView;
				PRODUCT_NAME = "$(TARGET_NAME)";
				SUPPORTED_PLATFORMS = "iphoneos iphonesimulator";
				SUPPORTS_MACCATALYST = NO;
				SUPPORTS_MAC_DESIGNED_FOR_IPHONE_IPAD = NO;
				SUPPORTS_XR_DESIGNED_FOR_IPHONE_IPAD = NO;
				SWIFT_EMIT_LOC_STRINGS = YES;
				SWIFT_VERSION = 5.0;
				TARGETED_DEVICE_FAMILY = "1,2";
			};
			name = Release;
		};
		191B2E542C63F90100A0A5F3 /* Debug */ = {
			isa = XCBuildConfiguration;
			buildSettings = {
				ALWAYS_EMBED_SWIFT_STANDARD_LIBRARIES = YES;
				BUNDLE_LOADER = "$(TEST_HOST)";
				CODE_SIGN_STYLE = Automatic;
				CURRENT_PROJECT_VERSION = 1;
				DEVELOPMENT_TEAM = WEE3S3NWZ2;
				GENERATE_INFOPLIST_FILE = YES;
				IPHONEOS_DEPLOYMENT_TARGET = 17.5;
				MARKETING_VERSION = 1.0;
				PRODUCT_BUNDLE_IDENTIFIER = luchonic.LoginViewTests;
				PRODUCT_NAME = "$(TARGET_NAME)";
				SWIFT_EMIT_LOC_STRINGS = NO;
				SWIFT_VERSION = 5.0;
				TARGETED_DEVICE_FAMILY = "1,2";
				TEST_HOST = "$(BUILT_PRODUCTS_DIR)/LoginView.app/$(BUNDLE_EXECUTABLE_FOLDER_PATH)/LoginView";
			};
			name = Debug;
		};
		191B2E552C63F90100A0A5F3 /* Release */ = {
			isa = XCBuildConfiguration;
			buildSettings = {
				ALWAYS_EMBED_SWIFT_STANDARD_LIBRARIES = YES;
				BUNDLE_LOADER = "$(TEST_HOST)";
				CODE_SIGN_STYLE = Automatic;
				CURRENT_PROJECT_VERSION = 1;
				DEVELOPMENT_TEAM = WEE3S3NWZ2;
				GENERATE_INFOPLIST_FILE = YES;
				IPHONEOS_DEPLOYMENT_TARGET = 17.5;
				MARKETING_VERSION = 1.0;
				PRODUCT_BUNDLE_IDENTIFIER = luchonic.LoginViewTests;
				PRODUCT_NAME = "$(TARGET_NAME)";
				SWIFT_EMIT_LOC_STRINGS = NO;
				SWIFT_VERSION = 5.0;
				TARGETED_DEVICE_FAMILY = "1,2";
				TEST_HOST = "$(BUILT_PRODUCTS_DIR)/LoginView.app/$(BUNDLE_EXECUTABLE_FOLDER_PATH)/LoginView";
			};
			name = Release;
		};
		191B2E572C63F90100A0A5F3 /* Debug */ = {
			isa = XCBuildConfiguration;
			buildSettings = {
				ALWAYS_EMBED_SWIFT_STANDARD_LIBRARIES = YES;
				CODE_SIGN_STYLE = Automatic;
				CURRENT_PROJECT_VERSION = 1;
				DEVELOPMENT_TEAM = WEE3S3NWZ2;
				GENERATE_INFOPLIST_FILE = YES;
				MARKETING_VERSION = 1.0;
				PRODUCT_BUNDLE_IDENTIFIER = luchonic.LoginViewUITests;
				PRODUCT_NAME = "$(TARGET_NAME)";
				SWIFT_EMIT_LOC_STRINGS = NO;
				SWIFT_VERSION = 5.0;
				TARGETED_DEVICE_FAMILY = "1,2";
				TEST_TARGET_NAME = LoginView;
			};
			name = Debug;
		};
		191B2E582C63F90100A0A5F3 /* Release */ = {
			isa = XCBuildConfiguration;
			buildSettings = {
				ALWAYS_EMBED_SWIFT_STANDARD_LIBRARIES = YES;
				CODE_SIGN_STYLE = Automatic;
				CURRENT_PROJECT_VERSION = 1;
				DEVELOPMENT_TEAM = WEE3S3NWZ2;
				GENERATE_INFOPLIST_FILE = YES;
				MARKETING_VERSION = 1.0;
				PRODUCT_BUNDLE_IDENTIFIER = luchonic.LoginViewUITests;
				PRODUCT_NAME = "$(TARGET_NAME)";
				SWIFT_EMIT_LOC_STRINGS = NO;
				SWIFT_VERSION = 5.0;
				TARGETED_DEVICE_FAMILY = "1,2";
				TEST_TARGET_NAME = LoginView;
			};
			name = Release;
		};
/* End XCBuildConfiguration section */

/* Begin XCConfigurationList section */
		191B2E272C63F8FA00A0A5F3 /* Build configuration list for PBXProject "LoginView" */ = {
			isa = XCConfigurationList;
			buildConfigurations = (
				191B2E4E2C63F90100A0A5F3 /* Debug */,
				191B2E4F2C63F90100A0A5F3 /* Release */,
			);
			defaultConfigurationIsVisible = 0;
			defaultConfigurationName = Release;
		};
		191B2E502C63F90100A0A5F3 /* Build configuration list for PBXNativeTarget "LoginView" */ = {
			isa = XCConfigurationList;
			buildConfigurations = (
				191B2E512C63F90100A0A5F3 /* Debug */,
				191B2E522C63F90100A0A5F3 /* Release */,
			);
			defaultConfigurationIsVisible = 0;
			defaultConfigurationName = Release;
		};
		191B2E532C63F90100A0A5F3 /* Build configuration list for PBXNativeTarget "LoginViewTests" */ = {
			isa = XCConfigurationList;
			buildConfigurations = (
				191B2E542C63F90100A0A5F3 /* Debug */,
				191B2E552C63F90100A0A5F3 /* Release */,
			);
			defaultConfigurationIsVisible = 0;
			defaultConfigurationName = Release;
		};
		191B2E562C63F90100A0A5F3 /* Build configuration list for PBXNativeTarget "LoginViewUITests" */ = {
			isa = XCConfigurationList;
			buildConfigurations = (
				191B2E572C63F90100A0A5F3 /* Debug */,
				191B2E582C63F90100A0A5F3 /* Release */,
			);
			defaultConfigurationIsVisible = 0;
			defaultConfigurationName = Release;
		};
/* End XCConfigurationList section */
	};
	rootObject = 191B2E242C63F8FA00A0A5F3 /* Project object */;
}
